
Microsoft Visual Studio Solution File, Format Version 12.00
# Visual Studio 15
VisualStudioVersion = 15.0.28010.2016
MinimumVisualStudioVersion = 10.0.40219.1
Project("{FAE04EC0-301F-11D3-BF4B-00C04F79EFBC}") = "Hero academy", "Hero academy\Hero academy.csproj", "{03C14D62-89FC-48FA-BB57-F3E59C1F56FD}"
EndProject
Global
	GlobalSection(SolutionConfigurationPlatforms) = preSolution
		Debug|Any CPU = Debug|Any CPU
		Release|Any CPU = Release|Any CPU
	EndGlobalSection
	GlobalSection(ProjectConfigurationPlatforms) = postSolution
		{03C14D62-89FC-48FA-BB57-F3E59C1F56FD}.Debug|Any CPU.ActiveCfg = Debug|Any CPU
		{03C14D62-89FC-48FA-BB57-F3E59C1F56FD}.Debug|Any CPU.Build.0 = Debug|Any CPU
		{03C14D62-89FC-48FA-BB57-F3E59C1F56FD}.Release|Any CPU.ActiveCfg = Release|Any CPU
		{03C14D62-89FC-48FA-BB57-F3E59C1F56FD}.Release|Any CPU.Build.0 = Release|Any CPU
	EndGlobalSection
	GlobalSection(SolutionProperties) = preSolution
		HideSolutionNode = FALSE
	EndGlobalSection
	GlobalSection(ExtensibilityGlobals) = postSolution
		SolutionGuid = {C2D9147A-F1F1-40CB-B4A2-9535BF1E2852}
	EndGlobalSection
EndGlobal
